
Microsoft Visual Studio Solution File, Format Version 11.00
# Visual Studio 2010
Project("{FAE04EC0-301F-11D3-BF4B-00C04F79EFBC}") = "Assembly-CSharp", "Assembly-CSharp.csproj", "{1F35A7C7-13DE-A969-D3EB-8B597E59CD32}"
EndProject
Global
	GlobalSection(SolutionConfigurationPlatforms) = preSolution
		Debug|Any CPU = Debug|Any CPU
		Release|Any CPU = Release|Any CPU
	EndGlobalSection
	GlobalSection(ProjectConfigurationPlatforms) = postSolution
		{1F35A7C7-13DE-A969-D3EB-8B597E59CD32}.Debug|Any CPU.ActiveCfg = Debug|Any CPU
		{1F35A7C7-13DE-A969-D3EB-8B597E59CD32}.Debug|Any CPU.Build.0 = Debug|Any CPU
		{1F35A7C7-13DE-A969-D3EB-8B597E59CD32}.Release|Any CPU.ActiveCfg = Release|Any CPU
		{1F35A7C7-13DE-A969-D3EB-8B597E59CD32}.Release|Any CPU.Build.0 = Release|Any CPU
	EndGlobalSection
	GlobalSection(SolutionProperties) = preSolution
		HideSolutionNode = FALSE
	EndGlobalSection
EndGlobal
